
Microsoft Visual Studio Solution File, Format Version 12.00
# Visual Studio Version 17
VisualStudioVersion = 17.10.34928.147
MinimumVisualStudioVersion = 10.0.40219.1
Project("{8BC9CEB8-8B4A-11D0-8D11-00A0C91BC942}") = "Program", "Program.vcxproj", "{51E4DFEC-B3B5-4831-8617-3CB9361951BA}"
EndProject
Project("{8BC9CEB8-8B4A-11D0-8D11-00A0C91BC942}") = "Class1th (Single Linked List)", "..\Class1th (Single Linked List)\Class1th (Single Linked List).vcxproj", "{09FE1AE4-A4BB-43AB-8DAB-577616F9B17D}"
EndProject
Project("{8BC9CEB8-8B4A-11D0-8D11-00A0C91BC942}") = "Class2th (Double Linked List)", "..\Class2th (Double Linked List)\Class2th (Double Linked List).vcxproj", "{A072C918-84AA-4A14-8CD3-40D76E806EEA}"
EndProject
Project("{8BC9CEB8-8B4A-11D0-8D11-00A0C91BC942}") = "Class3th (Circle Linked List)", "..\Class3th (Circle Linked List)\Class3th (Circle Linked List).vcxproj", "{1FF08E34-DB49-4F9A-B1B1-279E192D1DDD}"
EndProject
Project("{8BC9CEB8-8B4A-11D0-8D11-00A0C91BC942}") = "Class4th (Stack)", "..\Class4th (Stack)\Class4th (Stack).vcxproj", "{79B447BA-EBA1-4B85-825F-CD46967481DB}"
EndProject
Project("{8BC9CEB8-8B4A-11D0-8D11-00A0C91BC942}") = "Class5th (Linear Queue)", "..\Class5th (Linear Queue)\Class5th (Linear Queue).vcxproj", "{212D0ACC-0FEB-4EA6-9C29-3F44CE63765C}"
EndProject
Project("{8BC9CEB8-8B4A-11D0-8D11-00A0C91BC942}") = "Class6th (Circle Queue)", "..\Class6th (Circle Queue)\Class6th (Circle Queue).vcxproj", "{F6DFE464-7FEF-4AA2-8066-E495577C586E}"
EndProject
Global
	GlobalSection(SolutionConfigurationPlatforms) = preSolution
		Debug|x64 = Debug|x64
		Debug|x86 = Debug|x86
		Release|x64 = Release|x64
		Release|x86 = Release|x86
	EndGlobalSection
	GlobalSection(ProjectConfigurationPlatforms) = postSolution
		{51E4DFEC-B3B5-4831-8617-3CB9361951BA}.Debug|x64.ActiveCfg = Debug|x64
		{51E4DFEC-B3B5-4831-8617-3CB9361951BA}.Debug|x64.Build.0 = Debug|x64
		{51E4DFEC-B3B5-4831-8617-3CB9361951BA}.Debug|x86.ActiveCfg = Debug|Win32
		{51E4DFEC-B3B5-4831-8617-3CB9361951BA}.Debug|x86.Build.0 = Debug|Win32
		{51E4DFEC-B3B5-4831-8617-3CB9361951BA}.Release|x64.ActiveCfg = Release|x64
		{51E4DFEC-B3B5-4831-8617-3CB9361951BA}.Release|x64.Build.0 = Release|x64
		{51E4DFEC-B3B5-4831-8617-3CB9361951BA}.Release|x86.ActiveCfg = Release|Win32
		{51E4DFEC-B3B5-4831-8617-3CB9361951BA}.Release|x86.Build.0 = Release|Win32
		{09FE1AE4-A4BB-43AB-8DAB-577616F9B17D}.Debug|x64.ActiveCfg = Debug|x64
		{09FE1AE4-A4BB-43AB-8DAB-577616F9B17D}.Debug|x64.Build.0 = Debug|x64
		{09FE1AE4-A4BB-43AB-8DAB-577616F9B17D}.Debug|x86.ActiveCfg = Debug|Win32
		{09FE1AE4-A4BB-43AB-8DAB-577616F9B17D}.Debug|x86.Build.0 = Debug|Win32
		{09FE1AE4-A4BB-43AB-8DAB-577616F9B17D}.Release|x64.ActiveCfg = Release|x64
		{09FE1AE4-A4BB-43AB-8DAB-577616F9B17D}.Release|x64.Build.0 = Release|x64
		{09FE1AE4-A4BB-43AB-8DAB-577616F9B17D}.Release|x86.ActiveCfg = Release|Win32
		{09FE1AE4-A4BB-43AB-8DAB-577616F9B17D}.Release|x86.Build.0 = Release|Win32
		{A072C918-84AA-4A14-8CD3-40D76E806EEA}.Debug|x64.ActiveCfg = Debug|x64
		{A072C918-84AA-4A14-8CD3-40D76E806EEA}.Debug|x64.Build.0 = Debug|x64
		{A072C918-84AA-4A14-8CD3-40D76E806EEA}.Debug|x86.ActiveCfg = Debug|Win32
		{A072C918-84AA-4A14-8CD3-40D76E806EEA}.Debug|x86.Build.0 = Debug|Win32
		{A072C918-84AA-4A14-8CD3-40D76E806EEA}.Release|x64.ActiveCfg = Release|x64
		{A072C918-84AA-4A14-8CD3-40D76E806EEA}.Release|x64.Build.0 = Release|x64
		{A072C918-84AA-4A14-8CD3-40D76E806EEA}.Release|x86.ActiveCfg = Release|Win32
		{A072C918-84AA-4A14-8CD3-40D76E806EEA}.Release|x86.Build.0 = Release|Win32
		{1FF08E34-DB49-4F9A-B1B1-279E192D1DDD}.Debug|x64.ActiveCfg = Debug|x64
		{1FF08E34-DB49-4F9A-B1B1-279E192D1DDD}.Debug|x64.Build.0 = Debug|x64
		{1FF08E34-DB49-4F9A-B1B1-279E192D1DDD}.Debug|x86.ActiveCfg = Debug|Win32
		{1FF08E34-DB49-4F9A-B1B1-279E192D1DDD}.Debug|x86.Build.0 = Debug|Win32
		{1FF08E34-DB49-4F9A-B1B1-279E192D1DDD}.Release|x64.ActiveCfg = Release|x64
		{1FF08E34-DB49-4F9A-B1B1-279E192D1DDD}.Release|x64.Build.0 = Release|x64
		{1FF08E34-DB49-4F9A-B1B1-279E192D1DDD}.Release|x86.ActiveCfg = Release|Win32
		{1FF08E34-DB49-4F9A-B1B1-279E192D1DDD}.Release|x86.Build.0 = Release|Win32
		{79B447BA-EBA1-4B85-825F-CD46967481DB}.Debug|x64.ActiveCfg = Debug|x64
		{79B447BA-EBA1-4B85-825F-CD46967481DB}.Debug|x64.Build.0 = Debug|x64
		{79B447BA-EBA1-4B85-825F-CD46967481DB}.Debug|x86.ActiveCfg = Debug|Win32
		{79B447BA-EBA1-4B85-825F-CD46967481DB}.Debug|x86.Build.0 = Debug|Win32
		{79B447BA-EBA1-4B85-825F-CD46967481DB}.Release|x64.ActiveCfg = Release|x64
		{79B447BA-EBA1-4B85-825F-CD46967481DB}.Release|x64.Build.0 = Release|x64
		{79B447BA-EBA1-4B85-825F-CD46967481DB}.Release|x86.ActiveCfg = Release|Win32
		{79B447BA-EBA1-4B85-825F-CD46967481DB}.Release|x86.Build.0 = Release|Win32
		{212D0ACC-0FEB-4EA6-9C29-3F44CE63765C}.Debug|x64.ActiveCfg = Debug|x64
		{212D0ACC-0FEB-4EA6-9C29-3F44CE63765C}.Debug|x64.Build.0 = Debug|x64
		{212D0ACC-0FEB-4EA6-9C29-3F44CE63765C}.Debug|x86.ActiveCfg = Debug|Win32
		{212D0ACC-0FEB-4EA6-9C29-3F44CE63765C}.Debug|x86.Build.0 = Debug|Win32
		{212D0ACC-0FEB-4EA6-9C29-3F44CE63765C}.Release|x64.ActiveCfg = Release|x64
		{212D0ACC-0FEB-4EA6-9C29-3F44CE63765C}.Release|x64.Build.0 = Release|x64
		{212D0ACC-0FEB-4EA6-9C29-3F44CE63765C}.Release|x86.ActiveCfg = Release|Win32
		{212D0ACC-0FEB-4EA6-9C29-3F44CE63765C}.Release|x86.Build.0 = Release|Win32
		{F6DFE464-7FEF-4AA2-8066-E495577C586E}.Debug|x64.ActiveCfg = Debug|x64
		{F6DFE464-7FEF-4AA2-8066-E495577C586E}.Debug|x64.Build.0 = Debug|x64
		{F6DFE464-7FEF-4AA2-8066-E495577C586E}.Debug|x86.ActiveCfg = Debug|Win32
		{F6DFE464-7FEF-4AA2-8066-E495577C586E}.Debug|x86.Build.0 = Debug|Win32
		{F6DFE464-7FEF-4AA2-8066-E495577C586E}.Release|x64.ActiveCfg = Release|x64
		{F6DFE464-7FEF-4AA2-8066-E495577C586E}.Release|x64.Build.0 = Release|x64
		{F6DFE464-7FEF-4AA2-8066-E495577C586E}.Release|x86.ActiveCfg = Release|Win32
		{F6DFE464-7FEF-4AA2-8066-E495577C586E}.Release|x86.Build.0 = Release|Win32
	EndGlobalSection
	GlobalSection(SolutionProperties) = preSolution
		HideSolutionNode = FALSE
	EndGlobalSection
	GlobalSection(ExtensibilityGlobals) = postSolution
		SolutionGuid = {A8ABA5D8-D7D3-435E-ACF5-E1C99372EE43}
	EndGlobalSection
EndGlobal
